
Microsoft Visual Studio Solution File, Format Version 12.00
# Visual Studio Version 16
VisualStudioVersion = 16.0.30503.244
MinimumVisualStudioVersion = 10.0.40219.1
Project("{9A19103F-16F7-4668-BE54-9A1E7A4F7556}") = "BilanceExchange", "BilanceExchange\BilanceExchange.csproj", "{EE0BC8D6-9F59-4FC5-94F4-3EAA0079A35B}"
EndProject
Project("{9A19103F-16F7-4668-BE54-9A1E7A4F7556}") = "BilanceExchange.Domain", "BilanceExchange.Domain\BilanceExchange.Domain.csproj", "{E4477045-9C0E-4ABF-90A9-C9BC81D804F6}"
EndProject
Project("{9A19103F-16F7-4668-BE54-9A1E7A4F7556}") = "BilanceExchange.Repository", "BilanceExchange.Repository\BilanceExchange.Repository.csproj", "{F2B51DCA-5866-4CAD-AA5B-2B0658329BAF}"
EndProject
Global
	GlobalSection(SolutionConfigurationPlatforms) = preSolution
		Debug|Any CPU = Debug|Any CPU
		Release|Any CPU = Release|Any CPU
	EndGlobalSection
	GlobalSection(ProjectConfigurationPlatforms) = postSolution
		{EE0BC8D6-9F59-4FC5-94F4-3EAA0079A35B}.Debug|Any CPU.ActiveCfg = Debug|Any CPU
		{EE0BC8D6-9F59-4FC5-94F4-3EAA0079A35B}.Debug|Any CPU.Build.0 = Debug|Any CPU
		{EE0BC8D6-9F59-4FC5-94F4-3EAA0079A35B}.Release|Any CPU.ActiveCfg = Release|Any CPU
		{EE0BC8D6-9F59-4FC5-94F4-3EAA0079A35B}.Release|Any CPU.Build.0 = Release|Any CPU
		{E4477045-9C0E-4ABF-90A9-C9BC81D804F6}.Debug|Any CPU.ActiveCfg = Debug|Any CPU
		{E4477045-9C0E-4ABF-90A9-C9BC81D804F6}.Debug|Any CPU.Build.0 = Debug|Any CPU
		{E4477045-9C0E-4ABF-90A9-C9BC81D804F6}.Release|Any CPU.ActiveCfg = Release|Any CPU
		{E4477045-9C0E-4ABF-90A9-C9BC81D804F6}.Release|Any CPU.Build.0 = Release|Any CPU
		{F2B51DCA-5866-4CAD-AA5B-2B0658329BAF}.Debug|Any CPU.ActiveCfg = Debug|Any CPU
		{F2B51DCA-5866-4CAD-AA5B-2B0658329BAF}.Debug|Any CPU.Build.0 = Debug|Any CPU
		{F2B51DCA-5866-4CAD-AA5B-2B0658329BAF}.Release|Any CPU.ActiveCfg = Release|Any CPU
		{F2B51DCA-5866-4CAD-AA5B-2B0658329BAF}.Release|Any CPU.Build.0 = Release|Any CPU
	EndGlobalSection
	GlobalSection(SolutionProperties) = preSolution
		HideSolutionNode = FALSE
	EndGlobalSection
	GlobalSection(ExtensibilityGlobals) = postSolution
		SolutionGuid = {ED5B6039-BFA8-4FD6-87F3-2E0F6368D2F8}
	EndGlobalSection
EndGlobal
